
Microsoft Visual Studio Solution File, Format Version 12.00
# Visual Studio 2013
VisualStudioVersion = 12.0.30110.0
MinimumVisualStudioVersion = 10.0.40219.1
Project("{FAE04EC0-301F-11D3-BF4B-00C04F79EFBC}") = "Entidades", "Entidades\Entidades.csproj", "{F4B7BB20-32BB-445C-A12D-AA51858D0AE5}"
EndProject
Project("{FAE04EC0-301F-11D3-BF4B-00C04F79EFBC}") = "Configuracion", "Configuracion\Configuracion.csproj", "{FF07D59A-2163-44FE-BAC8-A9F76B172586}"
EndProject
Project("{FAE04EC0-301F-11D3-BF4B-00C04F79EFBC}") = "Datos", "Datos\Datos.csproj", "{A5D79C3F-CC21-49BB-B501-0B52F271A720}"
EndProject
Project("{FAE04EC0-301F-11D3-BF4B-00C04F79EFBC}") = "Negocio", "Negocio\Negocio.csproj", "{5E6E9FDF-DE89-4150-96CC-F1C27FC1F1BC}"
EndProject
Project("{FAE04EC0-301F-11D3-BF4B-00C04F79EFBC}") = "Sistema de Gestión ARA", "Presentación\Sistema de Gestión ARA.csproj", "{08034691-833C-4389-8208-68F7D9C72690}"
EndProject
Project("{6141683F-8A12-4E36-9623-2EB02B2C2303}") = "Instalador", "Instalador\Instalador.isproj", "{A9976420-D3CE-451C-AFA7-3CBF69993F66}"
	ProjectSection(ProjectDependencies) = postProject
		{08034691-833C-4389-8208-68F7D9C72690} = {08034691-833C-4389-8208-68F7D9C72690}
	EndProjectSection
EndProject
Global
	GlobalSection(SolutionConfigurationPlatforms) = preSolution
		CD_ROM|Any CPU = CD_ROM|Any CPU
		Debug|Any CPU = Debug|Any CPU
		DVD-5|Any CPU = DVD-5|Any CPU
		Release|Any CPU = Release|Any CPU
		SingleImage|Any CPU = SingleImage|Any CPU
	EndGlobalSection
	GlobalSection(ProjectConfigurationPlatforms) = postSolution
		{F4B7BB20-32BB-445C-A12D-AA51858D0AE5}.CD_ROM|Any CPU.ActiveCfg = Release|Any CPU
		{F4B7BB20-32BB-445C-A12D-AA51858D0AE5}.CD_ROM|Any CPU.Build.0 = Release|Any CPU
		{F4B7BB20-32BB-445C-A12D-AA51858D0AE5}.Debug|Any CPU.ActiveCfg = Debug|Any CPU
		{F4B7BB20-32BB-445C-A12D-AA51858D0AE5}.Debug|Any CPU.Build.0 = Debug|Any CPU
		{F4B7BB20-32BB-445C-A12D-AA51858D0AE5}.DVD-5|Any CPU.ActiveCfg = Debug|Any CPU
		{F4B7BB20-32BB-445C-A12D-AA51858D0AE5}.DVD-5|Any CPU.Build.0 = Debug|Any CPU
		{F4B7BB20-32BB-445C-A12D-AA51858D0AE5}.Release|Any CPU.ActiveCfg = Release|Any CPU
		{F4B7BB20-32BB-445C-A12D-AA51858D0AE5}.Release|Any CPU.Build.0 = Release|Any CPU
		{F4B7BB20-32BB-445C-A12D-AA51858D0AE5}.SingleImage|Any CPU.ActiveCfg = Release|Any CPU
		{F4B7BB20-32BB-445C-A12D-AA51858D0AE5}.SingleImage|Any CPU.Build.0 = Release|Any CPU
		{FF07D59A-2163-44FE-BAC8-A9F76B172586}.CD_ROM|Any CPU.ActiveCfg = Release|Any CPU
		{FF07D59A-2163-44FE-BAC8-A9F76B172586}.CD_ROM|Any CPU.Build.0 = Release|Any CPU
		{FF07D59A-2163-44FE-BAC8-A9F76B172586}.Debug|Any CPU.ActiveCfg = Debug|Any CPU
		{FF07D59A-2163-44FE-BAC8-A9F76B172586}.Debug|Any CPU.Build.0 = Debug|Any CPU
		{FF07D59A-2163-44FE-BAC8-A9F76B172586}.DVD-5|Any CPU.ActiveCfg = Debug|Any CPU
		{FF07D59A-2163-44FE-BAC8-A9F76B172586}.DVD-5|Any CPU.Build.0 = Debug|Any CPU
		{FF07D59A-2163-44FE-BAC8-A9F76B172586}.Release|Any CPU.ActiveCfg = Release|Any CPU
		{FF07D59A-2163-44FE-BAC8-A9F76B172586}.Release|Any CPU.Build.0 = Release|Any CPU
		{FF07D59A-2163-44FE-BAC8-A9F76B172586}.SingleImage|Any CPU.ActiveCfg = Release|Any CPU
		{FF07D59A-2163-44FE-BAC8-A9F76B172586}.SingleImage|Any CPU.Build.0 = Release|Any CPU
		{A5D79C3F-CC21-49BB-B501-0B52F271A720}.CD_ROM|Any CPU.ActiveCfg = Release|Any CPU
		{A5D79C3F-CC21-49BB-B501-0B52F271A720}.CD_ROM|Any CPU.Build.0 = Release|Any CPU
		{A5D79C3F-CC21-49BB-B501-0B52F271A720}.Debug|Any CPU.ActiveCfg = Debug|Any CPU
		{A5D79C3F-CC21-49BB-B501-0B52F271A720}.Debug|Any CPU.Build.0 = Debug|Any CPU
		{A5D79C3F-CC21-49BB-B501-0B52F271A720}.DVD-5|Any CPU.ActiveCfg = Debug|Any CPU
		{A5D79C3F-CC21-49BB-B501-0B52F271A720}.DVD-5|Any CPU.Build.0 = Debug|Any CPU
		{A5D79C3F-CC21-49BB-B501-0B52F271A720}.Release|Any CPU.ActiveCfg = Release|Any CPU
		{A5D79C3F-CC21-49BB-B501-0B52F271A720}.Release|Any CPU.Build.0 = Release|Any CPU
		{A5D79C3F-CC21-49BB-B501-0B52F271A720}.SingleImage|Any CPU.ActiveCfg = Release|Any CPU
		{A5D79C3F-CC21-49BB-B501-0B52F271A720}.SingleImage|Any CPU.Build.0 = Release|Any CPU
		{5E6E9FDF-DE89-4150-96CC-F1C27FC1F1BC}.CD_ROM|Any CPU.ActiveCfg = Release|Any CPU
		{5E6E9FDF-DE89-4150-96CC-F1C27FC1F1BC}.CD_ROM|Any CPU.Build.0 = Release|Any CPU
		{5E6E9FDF-DE89-4150-96CC-F1C27FC1F1BC}.Debug|Any CPU.ActiveCfg = Debug|Any CPU
		{5E6E9FDF-DE89-4150-96CC-F1C27FC1F1BC}.Debug|Any CPU.Build.0 = Debug|Any CPU
		{5E6E9FDF-DE89-4150-96CC-F1C27FC1F1BC}.DVD-5|Any CPU.ActiveCfg = Debug|Any CPU
		{5E6E9FDF-DE89-4150-96CC-F1C27FC1F1BC}.DVD-5|Any CPU.Build.0 = Debug|Any CPU
		{5E6E9FDF-DE89-4150-96CC-F1C27FC1F1BC}.Release|Any CPU.ActiveCfg = Release|Any CPU
		{5E6E9FDF-DE89-4150-96CC-F1C27FC1F1BC}.Release|Any CPU.Build.0 = Release|Any CPU
		{5E6E9FDF-DE89-4150-96CC-F1C27FC1F1BC}.SingleImage|Any CPU.ActiveCfg = Release|Any CPU
		{5E6E9FDF-DE89-4150-96CC-F1C27FC1F1BC}.SingleImage|Any CPU.Build.0 = Release|Any CPU
		{08034691-833C-4389-8208-68F7D9C72690}.CD_ROM|Any CPU.ActiveCfg = Release|Any CPU
		{08034691-833C-4389-8208-68F7D9C72690}.CD_ROM|Any CPU.Build.0 = Release|Any CPU
		{08034691-833C-4389-8208-68F7D9C72690}.Debug|Any CPU.ActiveCfg = Debug|Any CPU
		{08034691-833C-4389-8208-68F7D9C72690}.Debug|Any CPU.Build.0 = Debug|Any CPU
		{08034691-833C-4389-8208-68F7D9C72690}.DVD-5|Any CPU.ActiveCfg = Debug|Any CPU
		{08034691-833C-4389-8208-68F7D9C72690}.DVD-5|Any CPU.Build.0 = Debug|Any CPU
		{08034691-833C-4389-8208-68F7D9C72690}.Release|Any CPU.ActiveCfg = Release|Any CPU
		{08034691-833C-4389-8208-68F7D9C72690}.Release|Any CPU.Build.0 = Release|Any CPU
		{08034691-833C-4389-8208-68F7D9C72690}.SingleImage|Any CPU.ActiveCfg = Release|Any CPU
		{08034691-833C-4389-8208-68F7D9C72690}.SingleImage|Any CPU.Build.0 = Release|Any CPU
		{A9976420-D3CE-451C-AFA7-3CBF69993F66}.CD_ROM|Any CPU.ActiveCfg = CD_ROM
		{A9976420-D3CE-451C-AFA7-3CBF69993F66}.CD_ROM|Any CPU.Build.0 = CD_ROM
		{A9976420-D3CE-451C-AFA7-3CBF69993F66}.Debug|Any CPU.ActiveCfg = DVD-5
		{A9976420-D3CE-451C-AFA7-3CBF69993F66}.Debug|Any CPU.Build.0 = DVD-5
		{A9976420-D3CE-451C-AFA7-3CBF69993F66}.DVD-5|Any CPU.ActiveCfg = DVD-5
		{A9976420-D3CE-451C-AFA7-3CBF69993F66}.DVD-5|Any CPU.Build.0 = DVD-5
		{A9976420-D3CE-451C-AFA7-3CBF69993F66}.Release|Any CPU.ActiveCfg = SingleImage
		{A9976420-D3CE-451C-AFA7-3CBF69993F66}.Release|Any CPU.Build.0 = SingleImage
		{A9976420-D3CE-451C-AFA7-3CBF69993F66}.SingleImage|Any CPU.ActiveCfg = SingleImage
		{A9976420-D3CE-451C-AFA7-3CBF69993F66}.SingleImage|Any CPU.Build.0 = SingleImage
	EndGlobalSection
	GlobalSection(SolutionProperties) = preSolution
		HideSolutionNode = FALSE
	EndGlobalSection
EndGlobal
